// !$*UTF8*$!
{
	archiveVersion = 1;
	classes = {
	};
	objectVersion = 46;
	objects = {

/* Begin PBXBuildFile section */
		010FFDEB1F6DE98900C37C47 /* UIResponder+Utilities.swift in Sources */ = {isa = PBXBuildFile; fileRef = 010FFDEA1F6DE98900C37C47 /* UIResponder+Utilities.swift */; };
		010FFDED1F6DEBDC00C37C47 /* ChatViewController.swift in Sources */ = {isa = PBXBuildFile; fileRef = 010FFDEC1F6DEBDC00C37C47 /* ChatViewController.swift */; };
		010FFDEF1F6DEBE700C37C47 /* ChatViewController.xib in Resources */ = {isa = PBXBuildFile; fileRef = 010FFDEE1F6DEBE700C37C47 /* ChatViewController.xib */; };
		010FFDF11F6DF27500C37C47 /* ChatMessageSelfTableViewCell.swift in Sources */ = {isa = PBXBuildFile; fileRef = 010FFDF01F6DF27500C37C47 /* ChatMessageSelfTableViewCell.swift */; };
		010FFDF31F6DF28A00C37C47 /* ChatMessageOtherTableViewCell.swift in Sources */ = {isa = PBXBuildFile; fileRef = 010FFDF21F6DF28A00C37C47 /* ChatMessageOtherTableViewCell.swift */; };
		010FFDF51F6DF2E000C37C47 /* ChatMessageSelfTableViewCell.xib in Resources */ = {isa = PBXBuildFile; fileRef = 010FFDF41F6DF2E000C37C47 /* ChatMessageSelfTableViewCell.xib */; };
		010FFDF71F6DF46700C37C47 /* ChatMessageOtherTableViewCell.xib in Resources */ = {isa = PBXBuildFile; fileRef = 010FFDF61F6DF46700C37C47 /* ChatMessageOtherTableViewCell.xib */; };
		010FFDF91F6DFB5200C37C47 /* Message.swift in Sources */ = {isa = PBXBuildFile; fileRef = 010FFDF81F6DFB5200C37C47 /* Message.swift */; };
		010FFDFD1F6E17A800C37C47 /* ChatBarView.swift in Sources */ = {isa = PBXBuildFile; fileRef = 010FFDFC1F6E17A800C37C47 /* ChatBarView.swift */; };
		010FFDFF1F6E17B000C37C47 /* ChatBarView.xib in Resources */ = {isa = PBXBuildFile; fileRef = 010FFDFE1F6E17B000C37C47 /* ChatBarView.xib */; };
		010FFE011F6E1EA400C37C47 /* NetworkingRouter.swift in Sources */ = {isa = PBXBuildFile; fileRef = 010FFE001F6E1EA400C37C47 /* NetworkingRouter.swift */; };
		010FFE031F6E1EB600C37C47 /* NetworkingProvider.swift in Sources */ = {isa = PBXBuildFile; fileRef = 010FFE021F6E1EB600C37C47 /* NetworkingProvider.swift */; };
		0181DE2A1F6E258000540CA4 /* ChatService.swift in Sources */ = {isa = PBXBuildFile; fileRef = 0181DE291F6E258000540CA4 /* ChatService.swift */; };
		0181DE2C1F6E25F700540CA4 /* Chat.swift in Sources */ = {isa = PBXBuildFile; fileRef = 0181DE2B1F6E25F700540CA4 /* Chat.swift */; };
		0181DE2E1F6E280F00540CA4 /* Array+Random.swift in Sources */ = {isa = PBXBuildFile; fileRef = 0181DE2D1F6E280F00540CA4 /* Array+Random.swift */; };
		0181DE301F6E296B00540CA4 /* UIColor+Project.swift in Sources */ = {isa = PBXBuildFile; fileRef = 0181DE2F1F6E296B00540CA4 /* UIColor+Project.swift */; };
		0181DE321F6E433100540CA4 /* User.swift in Sources */ = {isa = PBXBuildFile; fileRef = 0181DE311F6E433100540CA4 /* User.swift */; };
		0181DE341F6E445D00540CA4 /* JSON+Date.swift in Sources */ = {isa = PBXBuildFile; fileRef = 0181DE331F6E445D00540CA4 /* JSON+Date.swift */; };
		0181DE361F6E5F7100540CA4 /* LoginViewControllerPage.swift in Sources */ = {isa = PBXBuildFile; fileRef = 0181DE351F6E5F7100540CA4 /* LoginViewControllerPage.swift */; };
		0181DE381F6E5F8700540CA4 /* LoginViewControllerPage.xib in Resources */ = {isa = PBXBuildFile; fileRef = 0181DE371F6E5F8700540CA4 /* LoginViewControllerPage.xib */; };
		0181DE3A1F6E690A00540CA4 /* SignUpViewController.swift in Sources */ = {isa = PBXBuildFile; fileRef = 0181DE391F6E690A00540CA4 /* SignUpViewController.swift */; };
		0181DE3C1F6E691600540CA4 /* SignUpViewController.xib in Resources */ = {isa = PBXBuildFile; fileRef = 0181DE3B1F6E691600540CA4 /* SignUpViewController.xib */; };
		0181DE3E1F6E6A4100540CA4 /* ActualLogInViewController.swift in Sources */ = {isa = PBXBuildFile; fileRef = 0181DE3D1F6E6A4100540CA4 /* ActualLogInViewController.swift */; };
		0181DE401F6E6A4B00540CA4 /* ActualLogInViewController.xib in Resources */ = {isa = PBXBuildFile; fileRef = 0181DE3F1F6E6A4B00540CA4 /* ActualLogInViewController.xib */; };
		0181DE421F6E734300540CA4 /* Date+Utilities.swift in Sources */ = {isa = PBXBuildFile; fileRef = 0181DE411F6E734300540CA4 /* Date+Utilities.swift */; };
		0181DE441F6E736400540CA4 /* String+Utilities.swift in Sources */ = {isa = PBXBuildFile; fileRef = 0181DE431F6E736400540CA4 /* String+Utilities.swift */; };
		01F86B5B1F6DE2A200271414 /* AppDelegate.swift in Sources */ = {isa = PBXBuildFile; fileRef = 01F86B5A1F6DE2A200271414 /* AppDelegate.swift */; };
		01F86B5D1F6DE2A200271414 /* LoginViewController.swift in Sources */ = {isa = PBXBuildFile; fileRef = 01F86B5C1F6DE2A200271414 /* LoginViewController.swift */; };
		01F86B601F6DE2A200271414 /* Main.storyboard in Resources */ = {isa = PBXBuildFile; fileRef = 01F86B5E1F6DE2A200271414 /* Main.storyboard */; };
		01F86B621F6DE2A200271414 /* Assets.xcassets in Resources */ = {isa = PBXBuildFile; fileRef = 01F86B611F6DE2A200271414 /* Assets.xcassets */; };
		01F86B651F6DE2A200271414 /* LaunchScreen.storyboard in Resources */ = {isa = PBXBuildFile; fileRef = 01F86B631F6DE2A200271414 /* LaunchScreen.storyboard */; };
		01F86B711F6DE37F00271414 /* LoginViewController.xib in Resources */ = {isa = PBXBuildFile; fileRef = 01F86B701F6DE37F00271414 /* LoginViewController.xib */; };
		01F86B731F6DE3E500271414 /* MainFeedViewController.swift in Sources */ = {isa = PBXBuildFile; fileRef = 01F86B721F6DE3E500271414 /* MainFeedViewController.swift */; };
		01F86B751F6DE3FE00271414 /* MainFeedViewController.xib in Resources */ = {isa = PBXBuildFile; fileRef = 01F86B741F6DE3FE00271414 /* MainFeedViewController.xib */; };
		01F86B771F6DE50B00271414 /* ChatHeadTableViewCell.swift in Sources */ = {isa = PBXBuildFile; fileRef = 01F86B761F6DE50B00271414 /* ChatHeadTableViewCell.swift */; };
		01F86B791F6DE53500271414 /* ChatHeadTableViewCell.xib in Resources */ = {isa = PBXBuildFile; fileRef = 01F86B781F6DE53500271414 /* ChatHeadTableViewCell.xib */; };
		DBFD46514515639878E06100 /* Pods_CustomerServiceApp.framework in Frameworks */ = {isa = PBXBuildFile; fileRef = A26BCEE6B435F5C024A4C343 /* Pods_CustomerServiceApp.framework */; };
/* End PBXBuildFile section */

/* Begin PBXFileReference section */
		010FFDEA1F6DE98900C37C47 /* UIResponder+Utilities.swift */ = {isa = PBXFileReference; fileEncoding = 4; lastKnownFileType = sourcecode.swift; path = "UIResponder+Utilities.swift"; sourceTree = "<group>"; };
		010FFDEC1F6DEBDC00C37C47 /* ChatViewController.swift */ = {isa = PBXFileReference; fileEncoding = 4; lastKnownFileType = sourcecode.swift; path = ChatViewController.swift; sourceTree = "<group>"; };
		010FFDEE1F6DEBE700C37C47 /* ChatViewController.xib */ = {isa = PBXFileReference; fileEncoding = 4; lastKnownFileType = file.xib; path = ChatViewController.xib; sourceTree = "<group>"; };
		010FFDF01F6DF27500C37C47 /* ChatMessageSelfTableViewCell.swift */ = {isa = PBXFileReference; fileEncoding = 4; lastKnownFileType = sourcecode.swift; path = ChatMessageSelfTableViewCell.swift; sourceTree = "<group>"; };
		010FFDF21F6DF28A00C37C47 /* ChatMessageOtherTableViewCell.swift */ = {isa = PBXFileReference; fileEncoding = 4; lastKnownFileType = sourcecode.swift; path = ChatMessageOtherTableViewCell.swift; sourceTree = "<group>"; };
		010FFDF41F6DF2E000C37C47 /* ChatMessageSelfTableViewCell.xib */ = {isa = PBXFileReference; fileEncoding = 4; lastKnownFileType = file.xib; path = ChatMessageSelfTableViewCell.xib; sourceTree = "<group>"; };
		010FFDF61F6DF46700C37C47 /* ChatMessageOtherTableViewCell.xib */ = {isa = PBXFileReference; fileEncoding = 4; lastKnownFileType = file.xib; path = ChatMessageOtherTableViewCell.xib; sourceTree = "<group>"; };
		010FFDF81F6DFB5200C37C47 /* Message.swift */ = {isa = PBXFileReference; fileEncoding = 4; lastKnownFileType = sourcecode.swift; path = Message.swift; sourceTree = "<group>"; };
		010FFDFC1F6E17A800C37C47 /* ChatBarView.swift */ = {isa = PBXFileReference; fileEncoding = 4; lastKnownFileType = sourcecode.swift; path = ChatBarView.swift; sourceTree = "<group>"; };
		010FFDFE1F6E17B000C37C47 /* ChatBarView.xib */ = {isa = PBXFileReference; fileEncoding = 4; lastKnownFileType = file.xib; path = ChatBarView.xib; sourceTree = "<group>"; };
		010FFE001F6E1EA400C37C47 /* NetworkingRouter.swift */ = {isa = PBXFileReference; fileEncoding = 4; lastKnownFileType = sourcecode.swift; path = NetworkingRouter.swift; sourceTree = "<group>"; };
		010FFE021F6E1EB600C37C47 /* NetworkingProvider.swift */ = {isa = PBXFileReference; fileEncoding = 4; lastKnownFileType = sourcecode.swift; path = NetworkingProvider.swift; sourceTree = "<group>"; };
		0181DE291F6E258000540CA4 /* ChatService.swift */ = {isa = PBXFileReference; fileEncoding = 4; lastKnownFileType = sourcecode.swift; path = ChatService.swift; sourceTree = "<group>"; };
		0181DE2B1F6E25F700540CA4 /* Chat.swift */ = {isa = PBXFileReference; fileEncoding = 4; lastKnownFileType = sourcecode.swift; path = Chat.swift; sourceTree = "<group>"; };
		0181DE2D1F6E280F00540CA4 /* Array+Random.swift */ = {isa = PBXFileReference; fileEncoding = 4; lastKnownFileType = sourcecode.swift; path = "Array+Random.swift"; sourceTree = "<group>"; };
		0181DE2F1F6E296B00540CA4 /* UIColor+Project.swift */ = {isa = PBXFileReference; fileEncoding = 4; lastKnownFileType = sourcecode.swift; path = "UIColor+Project.swift"; sourceTree = "<group>"; };
		0181DE311F6E433100540CA4 /* User.swift */ = {isa = PBXFileReference; fileEncoding = 4; lastKnownFileType = sourcecode.swift; path = User.swift; sourceTree = "<group>"; };
		0181DE331F6E445D00540CA4 /* JSON+Date.swift */ = {isa = PBXFileReference; fileEncoding = 4; lastKnownFileType = sourcecode.swift; path = "JSON+Date.swift"; sourceTree = "<group>"; };
		0181DE351F6E5F7100540CA4 /* LoginViewControllerPage.swift */ = {isa = PBXFileReference; fileEncoding = 4; lastKnownFileType = sourcecode.swift; path = LoginViewControllerPage.swift; sourceTree = "<group>"; };
		0181DE371F6E5F8700540CA4 /* LoginViewControllerPage.xib */ = {isa = PBXFileReference; fileEncoding = 4; lastKnownFileType = file.xib; path = LoginViewControllerPage.xib; sourceTree = "<group>"; };
		0181DE391F6E690A00540CA4 /* SignUpViewController.swift */ = {isa = PBXFileReference; fileEncoding = 4; lastKnownFileType = sourcecode.swift; path = SignUpViewController.swift; sourceTree = "<group>"; };
		0181DE3B1F6E691600540CA4 /* SignUpViewController.xib */ = {isa = PBXFileReference; fileEncoding = 4; lastKnownFileType = file.xib; path = SignUpViewController.xib; sourceTree = "<group>"; };
		0181DE3D1F6E6A4100540CA4 /* ActualLogInViewController.swift */ = {isa = PBXFileReference; fileEncoding = 4; lastKnownFileType = sourcecode.swift; path = ActualLogInViewController.swift; sourceTree = "<group>"; };
		0181DE3F1F6E6A4B00540CA4 /* ActualLogInViewController.xib */ = {isa = PBXFileReference; fileEncoding = 4; lastKnownFileType = file.xib; path = ActualLogInViewController.xib; sourceTree = "<group>"; };
		0181DE411F6E734300540CA4 /* Date+Utilities.swift */ = {isa = PBXFileReference; fileEncoding = 4; lastKnownFileType = sourcecode.swift; path = "Date+Utilities.swift"; sourceTree = "<group>"; };
		0181DE431F6E736400540CA4 /* String+Utilities.swift */ = {isa = PBXFileReference; fileEncoding = 4; lastKnownFileType = sourcecode.swift; path = "String+Utilities.swift"; sourceTree = "<group>"; };
		01F86B571F6DE2A200271414 /* CustomerServiceApp.app */ = {isa = PBXFileReference; explicitFileType = wrapper.application; includeInIndex = 0; path = CustomerServiceApp.app; sourceTree = BUILT_PRODUCTS_DIR; };
		01F86B5A1F6DE2A200271414 /* AppDelegate.swift */ = {isa = PBXFileReference; lastKnownFileType = sourcecode.swift; path = AppDelegate.swift; sourceTree = "<group>"; };
		01F86B5C1F6DE2A200271414 /* LoginViewController.swift */ = {isa = PBXFileReference; lastKnownFileType = sourcecode.swift; path = LoginViewController.swift; sourceTree = "<group>"; };
		01F86B5F1F6DE2A200271414 /* Base */ = {isa = PBXFileReference; lastKnownFileType = file.storyboard; name = Base; path = Base.lproj/Main.storyboard; sourceTree = "<group>"; };
		01F86B611F6DE2A200271414 /* Assets.xcassets */ = {isa = PBXFileReference; lastKnownFileType = folder.assetcatalog; path = Assets.xcassets; sourceTree = "<group>"; };
		01F86B641F6DE2A200271414 /* Base */ = {isa = PBXFileReference; lastKnownFileType = file.storyboard; name = Base; path = Base.lproj/LaunchScreen.storyboard; sourceTree = "<group>"; };
		01F86B661F6DE2A200271414 /* Info.plist */ = {isa = PBXFileReference; lastKnownFileType = text.plist.xml; path = Info.plist; sourceTree = "<group>"; };
		01F86B701F6DE37F00271414 /* LoginViewController.xib */ = {isa = PBXFileReference; fileEncoding = 4; lastKnownFileType = file.xib; path = LoginViewController.xib; sourceTree = "<group>"; };
		01F86B721F6DE3E500271414 /* MainFeedViewController.swift */ = {isa = PBXFileReference; fileEncoding = 4; lastKnownFileType = sourcecode.swift; path = MainFeedViewController.swift; sourceTree = "<group>"; };
		01F86B741F6DE3FE00271414 /* MainFeedViewController.xib */ = {isa = PBXFileReference; fileEncoding = 4; lastKnownFileType = file.xib; path = MainFeedViewController.xib; sourceTree = "<group>"; };
		01F86B761F6DE50B00271414 /* ChatHeadTableViewCell.swift */ = {isa = PBXFileReference; fileEncoding = 4; lastKnownFileType = sourcecode.swift; path = ChatHeadTableViewCell.swift; sourceTree = "<group>"; };
		01F86B781F6DE53500271414 /* ChatHeadTableViewCell.xib */ = {isa = PBXFileReference; fileEncoding = 4; lastKnownFileType = file.xib; path = ChatHeadTableViewCell.xib; sourceTree = "<group>"; };
		93B5ECFF534A95CA52491F74 /* Pods-CustomerServiceApp.debug.xcconfig */ = {isa = PBXFileReference; includeInIndex = 1; lastKnownFileType = text.xcconfig; name = "Pods-CustomerServiceApp.debug.xcconfig"; path = "Pods/Target Support Files/Pods-CustomerServiceApp/Pods-CustomerServiceApp.debug.xcconfig"; sourceTree = "<group>"; };
		A1AF7961B2E839AEDD84D3E0 /* Pods-CustomerServiceApp.release.xcconfig */ = {isa = PBXFileReference; includeInIndex = 1; lastKnownFileType = text.xcconfig; name = "Pods-CustomerServiceApp.release.xcconfig"; path = "Pods/Target Support Files/Pods-CustomerServiceApp/Pods-CustomerServiceApp.release.xcconfig"; sourceTree = "<group>"; };
		A26BCEE6B435F5C024A4C343 /* Pods_CustomerServiceApp.framework */ = {isa = PBXFileReference; explicitFileType = wrapper.framework; includeInIndex = 0; path = Pods_CustomerServiceApp.framework; sourceTree = BUILT_PRODUCTS_DIR; };
/* End PBXFileReference section */

/* Begin PBXFrameworksBuildPhase section */
		01F86B541F6DE2A200271414 /* Frameworks */ = {
			isa = PBXFrameworksBuildPhase;
			buildActionMask = 2147483647;
			files = (
				DBFD46514515639878E06100 /* Pods_CustomerServiceApp.framework in Frameworks */,
			);
			runOnlyForDeploymentPostprocessing = 0;
		};
/* End PBXFrameworksBuildPhase section */

/* Begin PBXGroup section */
		010FFDE91F6DE96B00C37C47 /* Extensions */ = {
			isa = PBXGroup;
			children = (
				010FFDEA1F6DE98900C37C47 /* UIResponder+Utilities.swift */,
				0181DE2D1F6E280F00540CA4 /* Array+Random.swift */,
				0181DE2F1F6E296B00540CA4 /* UIColor+Project.swift */,
				0181DE331F6E445D00540CA4 /* JSON+Date.swift */,
				0181DE411F6E734300540CA4 /* Date+Utilities.swift */,
				0181DE431F6E736400540CA4 /* String+Utilities.swift */,
			);
			name = Extensions;
			sourceTree = "<group>";
		};
		01F86B4E1F6DE2A200271414 = {
			isa = PBXGroup;
			children = (
				01F86B591F6DE2A200271414 /* CustomerServiceApp */,
				01F86B581F6DE2A200271414 /* Products */,
				8F24B2EDF300CEF0D761E381 /* Pods */,
				54B0474A24582B05FC2719A9 /* Frameworks */,
			);
			sourceTree = "<group>";
		};
		01F86B581F6DE2A200271414 /* Products */ = {
			isa = PBXGroup;
			children = (
				01F86B571F6DE2A200271414 /* CustomerServiceApp.app */,
			);
			name = Products;
			sourceTree = "<group>";
		};
		01F86B591F6DE2A200271414 /* CustomerServiceApp */ = {
			isa = PBXGroup;
			children = (
				01F86B6F1F6DE31000271414 /* Networking */,
				01F86B6E1F6DE30800271414 /* Models */,
				01F86B6C1F6DE2FE00271414 /* Views */,
				01F86B6D1F6DE30300271414 /* Controllers */,
				010FFDE91F6DE96B00C37C47 /* Extensions */,
				01F86B5A1F6DE2A200271414 /* AppDelegate.swift */,
				01F86B5E1F6DE2A200271414 /* Main.storyboard */,
				01F86B611F6DE2A200271414 /* Assets.xcassets */,
				01F86B631F6DE2A200271414 /* LaunchScreen.storyboard */,
				01F86B661F6DE2A200271414 /* Info.plist */,
			);
			path = CustomerServiceApp;
			sourceTree = "<group>";
		};
		01F86B6C1F6DE2FE00271414 /* Views */ = {
			isa = PBXGroup;
			children = (
				01F86B761F6DE50B00271414 /* ChatHeadTableViewCell.swift */,
				01F86B781F6DE53500271414 /* ChatHeadTableViewCell.xib */,
				010FFDF01F6DF27500C37C47 /* ChatMessageSelfTableViewCell.swift */,
				010FFDF41F6DF2E000C37C47 /* ChatMessageSelfTableViewCell.xib */,
				010FFDF21F6DF28A00C37C47 /* ChatMessageOtherTableViewCell.swift */,
				010FFDF61F6DF46700C37C47 /* ChatMessageOtherTableViewCell.xib */,
				010FFDFC1F6E17A800C37C47 /* ChatBarView.swift */,
				010FFDFE1F6E17B000C37C47 /* ChatBarView.xib */,
			);
			name = Views;
			sourceTree = "<group>";
		};
		01F86B6D1F6DE30300271414 /* Controllers */ = {
			isa = PBXGroup;
			children = (
				01F86B5C1F6DE2A200271414 /* LoginViewController.swift */,
				01F86B701F6DE37F00271414 /* LoginViewController.xib */,
				0181DE351F6E5F7100540CA4 /* LoginViewControllerPage.swift */,
				0181DE371F6E5F8700540CA4 /* LoginViewControllerPage.xib */,
				01F86B721F6DE3E500271414 /* MainFeedViewController.swift */,
				01F86B741F6DE3FE00271414 /* MainFeedViewController.xib */,
				010FFDEC1F6DEBDC00C37C47 /* ChatViewController.swift */,
				010FFDEE1F6DEBE700C37C47 /* ChatViewController.xib */,
				0181DE391F6E690A00540CA4 /* SignUpViewController.swift */,
				0181DE3B1F6E691600540CA4 /* SignUpViewController.xib */,
				0181DE3D1F6E6A4100540CA4 /* ActualLogInViewController.swift */,
				0181DE3F1F6E6A4B00540CA4 /* ActualLogInViewController.xib */,
			);
			name = Controllers;
			sourceTree = "<group>";
		};
		01F86B6E1F6DE30800271414 /* Models */ = {
			isa = PBXGroup;
			children = (
				0181DE311F6E433100540CA4 /* User.swift */,
				010FFDF81F6DFB5200C37C47 /* Message.swift */,
				0181DE2B1F6E25F700540CA4 /* Chat.swift */,
			);
			name = Models;
			sourceTree = "<group>";
		};
		01F86B6F1F6DE31000271414 /* Networking */ = {
			isa = PBXGroup;
			children = (
				010FFE001F6E1EA400C37C47 /* NetworkingRouter.swift */,
				010FFE021F6E1EB600C37C47 /* NetworkingProvider.swift */,
				0181DE291F6E258000540CA4 /* ChatService.swift */,
			);
			name = Networking;
			sourceTree = "<group>";
		};
		54B0474A24582B05FC2719A9 /* Frameworks */ = {
			isa = PBXGroup;
			children = (
				A26BCEE6B435F5C024A4C343 /* Pods_CustomerServiceApp.framework */,
			);
			name = Frameworks;
			sourceTree = "<group>";
		};
		8F24B2EDF300CEF0D761E381 /* Pods */ = {
			isa = PBXGroup;
			children = (
				93B5ECFF534A95CA52491F74 /* Pods-CustomerServiceApp.debug.xcconfig */,
				A1AF7961B2E839AEDD84D3E0 /* Pods-CustomerServiceApp.release.xcconfig */,
			);
			name = Pods;
			sourceTree = "<group>";
		};
/* End PBXGroup section */

/* Begin PBXNativeTarget section */
		01F86B561F6DE2A200271414 /* CustomerServiceApp */ = {
			isa = PBXNativeTarget;
			buildConfigurationList = 01F86B691F6DE2A200271414 /* Build configuration list for PBXNativeTarget "CustomerServiceApp" */;
			buildPhases = (
				C7252B725B836FDE821AEF6F /* [CP] Check Pods Manifest.lock */,
				01F86B531F6DE2A200271414 /* Sources */,
				01F86B541F6DE2A200271414 /* Frameworks */,
				01F86B551F6DE2A200271414 /* Resources */,
				1757E43B7EF28CE54B964312 /* [CP] Embed Pods Frameworks */,
				C10F977696C2BC10FFE39465 /* [CP] Copy Pods Resources */,
			);
			buildRules = (
			);
			dependencies = (
			);
			name = CustomerServiceApp;
			productName = CustomerServiceApp;
			productReference = 01F86B571F6DE2A200271414 /* CustomerServiceApp.app */;
			productType = "com.apple.product-type.application";
		};
/* End PBXNativeTarget section */

/* Begin PBXProject section */
		01F86B4F1F6DE2A200271414 /* Project object */ = {
			isa = PBXProject;
			attributes = {
				LastSwiftUpdateCheck = 0830;
				LastUpgradeCheck = 0830;
				ORGANIZATIONNAME = "Nicholas Swift";
				TargetAttributes = {
					01F86B561F6DE2A200271414 = {
						CreatedOnToolsVersion = 8.3.3;
						DevelopmentTeam = 44VHEK9HHH;
						ProvisioningStyle = Automatic;
					};
				};
			};
			buildConfigurationList = 01F86B521F6DE2A200271414 /* Build configuration list for PBXProject "CustomerServiceApp" */;
			compatibilityVersion = "Xcode 3.2";
			developmentRegion = English;
			hasScannedForEncodings = 0;
			knownRegions = (
				en,
				Base,
			);
			mainGroup = 01F86B4E1F6DE2A200271414;
			productRefGroup = 01F86B581F6DE2A200271414 /* Products */;
			projectDirPath = "";
			projectRoot = "";
			targets = (
				01F86B561F6DE2A200271414 /* CustomerServiceApp */,
			);
		};
/* End PBXProject section */

/* Begin PBXResourcesBuildPhase section */
		01F86B551F6DE2A200271414 /* Resources */ = {
			isa = PBXResourcesBuildPhase;
			buildActionMask = 2147483647;
			files = (
				010FFDFF1F6E17B000C37C47 /* ChatBarView.xib in Resources */,
				0181DE381F6E5F8700540CA4 /* LoginViewControllerPage.xib in Resources */,
				01F86B751F6DE3FE00271414 /* MainFeedViewController.xib in Resources */,
				01F86B711F6DE37F00271414 /* LoginViewController.xib in Resources */,
				010FFDF71F6DF46700C37C47 /* ChatMessageOtherTableViewCell.xib in Resources */,
				010FFDEF1F6DEBE700C37C47 /* ChatViewController.xib in Resources */,
				0181DE401F6E6A4B00540CA4 /* ActualLogInViewController.xib in Resources */,
				01F86B651F6DE2A200271414 /* LaunchScreen.storyboard in Resources */,
				01F86B791F6DE53500271414 /* ChatHeadTableViewCell.xib in Resources */,
				01F86B621F6DE2A200271414 /* Assets.xcassets in Resources */,
				010FFDF51F6DF2E000C37C47 /* ChatMessageSelfTableViewCell.xib in Resources */,
				0181DE3C1F6E691600540CA4 /* SignUpViewController.xib in Resources */,
				01F86B601F6DE2A200271414 /* Main.storyboard in Resources */,
			);
			runOnlyForDeploymentPostprocessing = 0;
		};
/* End PBXResourcesBuildPhase section */

/* Begin PBXShellScriptBuildPhase section */
		1757E43B7EF28CE54B964312 /* [CP] Embed Pods Frameworks */ = {
			isa = PBXShellScriptBuildPhase;
			buildActionMask = 2147483647;
			files = (
			);
			inputPaths = (
			);
			name = "[CP] Embed Pods Frameworks";
			outputPaths = (
			);
			runOnlyForDeploymentPostprocessing = 0;
			shellPath = /bin/sh;
			shellScript = "\"${SRCROOT}/Pods/Target Support Files/Pods-CustomerServiceApp/Pods-CustomerServiceApp-frameworks.sh\"\n";
			showEnvVarsInLog = 0;
		};
		C10F977696C2BC10FFE39465 /* [CP] Copy Pods Resources */ = {
			isa = PBXShellScriptBuildPhase;
			buildActionMask = 2147483647;
			files = (
			);
			inputPaths = (
			);
			name = "[CP] Copy Pods Resources";
			outputPaths = (
			);
			runOnlyForDeploymentPostprocessing = 0;
			shellPath = /bin/sh;
			shellScript = "\"${SRCROOT}/Pods/Target Support Files/Pods-CustomerServiceApp/Pods-CustomerServiceApp-resources.sh\"\n";
			showEnvVarsInLog = 0;
		};
		C7252B725B836FDE821AEF6F /* [CP] Check Pods Manifest.lock */ = {
			isa = PBXShellScriptBuildPhase;
			buildActionMask = 2147483647;
			files = (
			);
			inputPaths = (
			);
			name = "[CP] Check Pods Manifest.lock";
			outputPaths = (
			);
			runOnlyForDeploymentPostprocessing = 0;
			shellPath = /bin/sh;
			shellScript = "diff \"${PODS_ROOT}/../Podfile.lock\" \"${PODS_ROOT}/Manifest.lock\" > /dev/null\nif [ $? != 0 ] ; then\n    # print error to STDERR\n    echo \"error: The sandbox is not in sync with the Podfile.lock. Run 'pod install' or update your CocoaPods installation.\" >&2\n    exit 1\nfi\n";
			showEnvVarsInLog = 0;
		};
/* End PBXShellScriptBuildPhase section */

/* Begin PBXSourcesBuildPhase section */
		01F86B531F6DE2A200271414 /* Sources */ = {
			isa = PBXSourcesBuildPhase;
			buildActionMask = 2147483647;
			files = (
				010FFDF31F6DF28A00C37C47 /* ChatMessageOtherTableViewCell.swift in Sources */,
				01F86B5D1F6DE2A200271414 /* LoginViewController.swift in Sources */,
				0181DE2E1F6E280F00540CA4 /* Array+Random.swift in Sources */,
				0181DE2A1F6E258000540CA4 /* ChatService.swift in Sources */,
				010FFE031F6E1EB600C37C47 /* NetworkingProvider.swift in Sources */,
				01F86B731F6DE3E500271414 /* MainFeedViewController.swift in Sources */,
				010FFDF91F6DFB5200C37C47 /* Message.swift in Sources */,
				0181DE321F6E433100540CA4 /* User.swift in Sources */,
				010FFDFD1F6E17A800C37C47 /* ChatBarView.swift in Sources */,
				010FFDEB1F6DE98900C37C47 /* UIResponder+Utilities.swift in Sources */,
				010FFDF11F6DF27500C37C47 /* ChatMessageSelfTableViewCell.swift in Sources */,
				0181DE3E1F6E6A4100540CA4 /* ActualLogInViewController.swift in Sources */,
				0181DE421F6E734300540CA4 /* Date+Utilities.swift in Sources */,
				0181DE2C1F6E25F700540CA4 /* Chat.swift in Sources */,
				01F86B5B1F6DE2A200271414 /* AppDelegate.swift in Sources */,
				010FFDED1F6DEBDC00C37C47 /* ChatViewController.swift in Sources */,
				0181DE3A1F6E690A00540CA4 /* SignUpViewController.swift in Sources */,
				01F86B771F6DE50B00271414 /* ChatHeadTableViewCell.swift in Sources */,
				0181DE341F6E445D00540CA4 /* JSON+Date.swift in Sources */,
				010FFE011F6E1EA400C37C47 /* NetworkingRouter.swift in Sources */,
				0181DE441F6E736400540CA4 /* String+Utilities.swift in Sources */,
				0181DE301F6E296B00540CA4 /* UIColor+Project.swift in Sources */,
				0181DE361F6E5F7100540CA4 /* LoginViewControllerPage.swift in Sources */,
			);
			runOnlyForDeploymentPostprocessing = 0;
		};
/* End PBXSourcesBuildPhase section */

/* Begin PBXVariantGroup section */
		01F86B5E1F6DE2A200271414 /* Main.storyboard */ = {
			isa = PBXVariantGroup;
			children = (
				01F86B5F1F6DE2A200271414 /* Base */,
			);
			name = Main.storyboard;
			sourceTree = "<group>";
		};
		01F86B631F6DE2A200271414 /* LaunchScreen.storyboard */ = {
			isa = PBXVariantGroup;
			children = (
				01F86B641F6DE2A200271414 /* Base */,
			);
			name = LaunchScreen.storyboard;
			sourceTree = "<group>";
		};
/* End PBXVariantGroup section */

/* Begin XCBuildConfiguration section */
		01F86B671F6DE2A200271414 /* Debug */ = {
			isa = XCBuildConfiguration;
			buildSettings = {
				ALWAYS_SEARCH_USER_PATHS = NO;
				CLANG_ANALYZER_NONNULL = YES;
				CLANG_ANALYZER_NUMBER_OBJECT_CONVERSION = YES_AGGRESSIVE;
				CLANG_CXX_LANGUAGE_STANDARD = "gnu++0x";
				CLANG_CXX_LIBRARY = "libc++";
				CLANG_ENABLE_MODULES = YES;
				CLANG_ENABLE_OBJC_ARC = YES;
				CLANG_WARN_BOOL_CONVERSION = YES;
				CLANG_WARN_CONSTANT_CONVERSION = YES;
				CLANG_WARN_DIRECT_OBJC_ISA_USAGE = YES_ERROR;
				CLANG_WARN_DOCUMENTATION_COMMENTS = YES;
				CLANG_WARN_EMPTY_BODY = YES;
				CLANG_WARN_ENUM_CONVERSION = YES;
				CLANG_WARN_INFINITE_RECURSION = YES;
				CLANG_WARN_INT_CONVERSION = YES;
				CLANG_WARN_OBJC_ROOT_CLASS = YES_ERROR;
				CLANG_WARN_SUSPICIOUS_MOVE = YES;
				CLANG_WARN_UNREACHABLE_CODE = YES;
				CLANG_WARN__DUPLICATE_METHOD_MATCH = YES;
				"CODE_SIGN_IDENTITY[sdk=iphoneos*]" = "iPhone Developer";
				COPY_PHASE_STRIP = NO;
				DEBUG_INFORMATION_FORMAT = dwarf;
				ENABLE_STRICT_OBJC_MSGSEND = YES;
				ENABLE_TESTABILITY = YES;
				GCC_C_LANGUAGE_STANDARD = gnu99;
				GCC_DYNAMIC_NO_PIC = NO;
				GCC_NO_COMMON_BLOCKS = YES;
				GCC_OPTIMIZATION_LEVEL = 0;
				GCC_PREPROCESSOR_DEFINITIONS = (
					"DEBUG=1",
					"$(inherited)",
				);
				GCC_WARN_64_TO_32_BIT_CONVERSION = YES;
				GCC_WARN_ABOUT_RETURN_TYPE = YES_ERROR;
				GCC_WARN_UNDECLARED_SELECTOR = YES;
				GCC_WARN_UNINITIALIZED_AUTOS = YES_AGGRESSIVE;
				GCC_WARN_UNUSED_FUNCTION = YES;
				GCC_WARN_UNUSED_VARIABLE = YES;
				IPHONEOS_DEPLOYMENT_TARGET = 10.3;
				MTL_ENABLE_DEBUG_INFO = YES;
				ONLY_ACTIVE_ARCH = YES;
				SDKROOT = iphoneos;
				SWIFT_ACTIVE_COMPILATION_CONDITIONS = DEBUG;
				SWIFT_OPTIMIZATION_LEVEL = "-Onone";
			};
			name = Debug;
		};
		01F86B681F6DE2A200271414 /* Release */ = {
			isa = XCBuildConfiguration;
			buildSettings = {
				ALWAYS_SEARCH_USER_PATHS = NO;
				CLANG_ANALYZER_NONNULL = YES;
				CLANG_ANALYZER_NUMBER_OBJECT_CONVERSION = YES_AGGRESSIVE;
				CLANG_CXX_LANGUAGE_STANDARD = "gnu++0x";
				CLANG_CXX_LIBRARY = "libc++";
				CLANG_ENABLE_MODULES = YES;
				CLANG_ENABLE_OBJC_ARC = YES;
				CLANG_WARN_BOOL_CONVERSION = YES;
				CLANG_WARN_CONSTANT_CONVERSION = YES;
				CLANG_WARN_DIRECT_OBJC_ISA_USAGE = YES_ERROR;
				CLANG_WARN_DOCUMENTATION_COMMENTS = YES;
				CLANG_WARN_EMPTY_BODY = YES;
				CLANG_WARN_ENUM_CONVERSION = YES;
				CLANG_WARN_INFINITE_RECURSION = YES;
				CLANG_WARN_INT_CONVERSION = YES;
				CLANG_WARN_OBJC_ROOT_CLASS = YES_ERROR;
				CLANG_WARN_SUSPICIOUS_MOVE = YES;
				CLANG_WARN_UNREACHABLE_CODE = YES;
				CLANG_WARN__DUPLICATE_METHOD_MATCH = YES;
				"CODE_SIGN_IDENTITY[sdk=iphoneos*]" = "iPhone Developer";
				COPY_PHASE_STRIP = NO;
				DEBUG_INFORMATION_FORMAT = "dwarf-with-dsym";
				ENABLE_NS_ASSERTIONS = NO;
				ENABLE_STRICT_OBJC_MSGSEND = YES;
				GCC_C_LANGUAGE_STANDARD = gnu99;
				GCC_NO_COMMON_BLOCKS = YES;
				GCC_WARN_64_TO_32_BIT_CONVERSION = YES;
				GCC_WARN_ABOUT_RETURN_TYPE = YES_ERROR;
				GCC_WARN_UNDECLARED_SELECTOR = YES;
				GCC_WARN_UNINITIALIZED_AUTOS = YES_AGGRESSIVE;
				GCC_WARN_UNUSED_FUNCTION = YES;
				GCC_WARN_UNUSED_VARIABLE = YES;
				IPHONEOS_DEPLOYMENT_TARGET = 10.3;
				MTL_ENABLE_DEBUG_INFO = NO;
				SDKROOT = iphoneos;
				SWIFT_OPTIMIZATION_LEVEL = "-Owholemodule";
				VALIDATE_PRODUCT = YES;
			};
			name = Release;
		};
		01F86B6A1F6DE2A200271414 /* Debug */ = {
			isa = XCBuildConfiguration;
			baseConfigurationReference = 93B5ECFF534A95CA52491F74 /* Pods-CustomerServiceApp.debug.xcconfig */;
			buildSettings = {
				ASSETCATALOG_COMPILER_APPICON_NAME = AppIcon;
				DEVELOPMENT_TEAM = 44VHEK9HHH;
				INFOPLIST_FILE = CustomerServiceApp/Info.plist;
				LD_RUNPATH_SEARCH_PATHS = "$(inherited) @executable_path/Frameworks";
				PRODUCT_BUNDLE_IDENTIFIER = "com.nicholas-swift.CustomerServiceApp";
				PRODUCT_NAME = "$(TARGET_NAME)";
				SWIFT_VERSION = 3.0;
			};
			name = Debug;
		};
		01F86B6B1F6DE2A200271414 /* Release */ = {
			isa = XCBuildConfiguration;
			baseConfigurationReference = A1AF7961B2E839AEDD84D3E0 /* Pods-CustomerServiceApp.release.xcconfig */;
			buildSettings = {
				ASSETCATALOG_COMPILER_APPICON_NAME = AppIcon;
				DEVELOPMENT_TEAM = 44VHEK9HHH;
				INFOPLIST_FILE = CustomerServiceApp/Info.plist;
				LD_RUNPATH_SEARCH_PATHS = "$(inherited) @executable_path/Frameworks";
				PRODUCT_BUNDLE_IDENTIFIER = "com.nicholas-swift.CustomerServiceApp";
				PRODUCT_NAME = "$(TARGET_NAME)";
				SWIFT_VERSION = 3.0;
			};
			name = Release;
		};
/* End XCBuildConfiguration section */

/* Begin XCConfigurationList section */
		01F86B521F6DE2A200271414 /* Build configuration list for PBXProject "CustomerServiceApp" */ = {
			isa = XCConfigurationList;
			buildConfigurations = (
				01F86B671F6DE2A200271414 /* Debug */,
				01F86B681F6DE2A200271414 /* Release */,
			);
			defaultConfigurationIsVisible = 0;
			defaultConfigurationName = Release;
		};
		01F86B691F6DE2A200271414 /* Build configuration list for PBXNativeTarget "CustomerServiceApp" */ = {
			isa = XCConfigurationList;
			buildConfigurations = (
				01F86B6A1F6DE2A200271414 /* Debug */,
				01F86B6B1F6DE2A200271414 /* Release */,
			);
			defaultConfigurationIsVisible = 0;
			defaultConfigurationName = Release;
		};
/* End XCConfigurationList section */
	};
	rootObject = 01F86B4F1F6DE2A200271414 /* Project object */;
}
